
Microsoft Visual Studio Solution File, Format Version 12.00
# Visual Studio Version 16
VisualStudioVersion = 16.0.30717.126
MinimumVisualStudioVersion = 10.0.40219.1
Project("{FAE04EC0-301F-11D3-BF4B-00C04F79EFBC}") = "PasswordManager", "PasswordManager.csproj", "{342BC09F-346D-4C4D-971D-474986E8B983}"
EndProject
Global
	GlobalSection(SolutionConfigurationPlatforms) = preSolution
		Debug|Any CPU = Debug|Any CPU
		Release|Any CPU = Release|Any CPU
	EndGlobalSection
	GlobalSection(ProjectConfigurationPlatforms) = postSolution
		{342BC09F-346D-4C4D-971D-474986E8B983}.Debug|Any CPU.ActiveCfg = Debug|Any CPU
		{342BC09F-346D-4C4D-971D-474986E8B983}.Debug|Any CPU.Build.0 = Debug|Any CPU
		{342BC09F-346D-4C4D-971D-474986E8B983}.Release|Any CPU.ActiveCfg = Release|Any CPU
		{342BC09F-346D-4C4D-971D-474986E8B983}.Release|Any CPU.Build.0 = Release|Any CPU
	EndGlobalSection
	GlobalSection(SolutionProperties) = preSolution
		HideSolutionNode = FALSE
	EndGlobalSection
	GlobalSection(ExtensibilityGlobals) = postSolution
		SolutionGuid = {472EE764-BEF1-4611-ADF3-9417E177C534}
	EndGlobalSection
EndGlobal
